
Microsoft Visual Studio Solution File, Format Version 12.00
# Visual Studio 14
VisualStudioVersion = 14.0.25123.0
MinimumVisualStudioVersion = 10.0.40219.1
Project("{FAE04EC0-301F-11D3-BF4B-00C04F79EFBC}") = "SixtenLabs.Spawn", "src\SixtenLabs.Spawn\SixtenLabs.Spawn.csproj", "{D3447C4F-BDC3-4DE0-8905-18E0F6BE7FC2}"
EndProject
Project("{FAE04EC0-301F-11D3-BF4B-00C04F79EFBC}") = "SixtenLabs.Spawn.Tests", "src\SixtenLabs.Spawn.Tests\SixtenLabs.Spawn.Tests.csproj", "{D0A22D84-2EB8-440F-852C-B0B1BAE8AE8A}"
EndProject
Project("{FAE04EC0-301F-11D3-BF4B-00C04F79EFBC}") = "SixtenLabs.Spawn.Generator.CSharp", "src\SixtenLabs.Spawn.Generator.CSharp\SixtenLabs.Spawn.Generator.CSharp.csproj", "{1E4DB220-AEB6-4922-9505-16B824100B04}"
EndProject
Project("{FAE04EC0-301F-11D3-BF4B-00C04F79EFBC}") = "SixtenLabs.Spawn.Generator.CSharp.Tests", "src\SixtenLabs.Spawn.Generator.CSharp.Tests\SixtenLabs.Spawn.Generator.CSharp.Tests.csproj", "{EC6C392E-1BA4-474D-82C2-3F3BB63E4084}"
EndProject
Global
	GlobalSection(SolutionConfigurationPlatforms) = preSolution
		Debug|Any CPU = Debug|Any CPU
		Debug|x64 = Debug|x64
		Release|Any CPU = Release|Any CPU
		Release|x64 = Release|x64
	EndGlobalSection
	GlobalSection(ProjectConfigurationPlatforms) = postSolution
		{D3447C4F-BDC3-4DE0-8905-18E0F6BE7FC2}.Debug|Any CPU.ActiveCfg = Debug|Any CPU
		{D3447C4F-BDC3-4DE0-8905-18E0F6BE7FC2}.Debug|Any CPU.Build.0 = Debug|Any CPU
		{D3447C4F-BDC3-4DE0-8905-18E0F6BE7FC2}.Debug|x64.ActiveCfg = Debug|x64
		{D3447C4F-BDC3-4DE0-8905-18E0F6BE7FC2}.Debug|x64.Build.0 = Debug|x64
		{D3447C4F-BDC3-4DE0-8905-18E0F6BE7FC2}.Release|Any CPU.ActiveCfg = Release|Any CPU
		{D3447C4F-BDC3-4DE0-8905-18E0F6BE7FC2}.Release|Any CPU.Build.0 = Release|Any CPU
		{D3447C4F-BDC3-4DE0-8905-18E0F6BE7FC2}.Release|x64.ActiveCfg = Release|x64
		{D3447C4F-BDC3-4DE0-8905-18E0F6BE7FC2}.Release|x64.Build.0 = Release|x64
		{D0A22D84-2EB8-440F-852C-B0B1BAE8AE8A}.Debug|Any CPU.ActiveCfg = Debug|Any CPU
		{D0A22D84-2EB8-440F-852C-B0B1BAE8AE8A}.Debug|Any CPU.Build.0 = Debug|Any CPU
		{D0A22D84-2EB8-440F-852C-B0B1BAE8AE8A}.Debug|x64.ActiveCfg = Debug|x64
		{D0A22D84-2EB8-440F-852C-B0B1BAE8AE8A}.Debug|x64.Build.0 = Debug|x64
		{D0A22D84-2EB8-440F-852C-B0B1BAE8AE8A}.Release|Any CPU.ActiveCfg = Release|Any CPU
		{D0A22D84-2EB8-440F-852C-B0B1BAE8AE8A}.Release|Any CPU.Build.0 = Release|Any CPU
		{D0A22D84-2EB8-440F-852C-B0B1BAE8AE8A}.Release|x64.ActiveCfg = Release|x64
		{D0A22D84-2EB8-440F-852C-B0B1BAE8AE8A}.Release|x64.Build.0 = Release|x64
		{1E4DB220-AEB6-4922-9505-16B824100B04}.Debug|Any CPU.ActiveCfg = Debug|Any CPU
		{1E4DB220-AEB6-4922-9505-16B824100B04}.Debug|Any CPU.Build.0 = Debug|Any CPU
		{1E4DB220-AEB6-4922-9505-16B824100B04}.Debug|x64.ActiveCfg = Debug|x64
		{1E4DB220-AEB6-4922-9505-16B824100B04}.Debug|x64.Build.0 = Debug|x64
		{1E4DB220-AEB6-4922-9505-16B824100B04}.Release|Any CPU.ActiveCfg = Release|Any CPU
		{1E4DB220-AEB6-4922-9505-16B824100B04}.Release|Any CPU.Build.0 = Release|Any CPU
		{1E4DB220-AEB6-4922-9505-16B824100B04}.Release|x64.ActiveCfg = Release|x64
		{1E4DB220-AEB6-4922-9505-16B824100B04}.Release|x64.Build.0 = Release|x64
		{EC6C392E-1BA4-474D-82C2-3F3BB63E4084}.Debug|Any CPU.ActiveCfg = Debug|Any CPU
		{EC6C392E-1BA4-474D-82C2-3F3BB63E4084}.Debug|Any CPU.Build.0 = Debug|Any CPU
		{EC6C392E-1BA4-474D-82C2-3F3BB63E4084}.Debug|x64.ActiveCfg = Debug|x64
		{EC6C392E-1BA4-474D-82C2-3F3BB63E4084}.Debug|x64.Build.0 = Debug|x64
		{EC6C392E-1BA4-474D-82C2-3F3BB63E4084}.Release|Any CPU.ActiveCfg = Release|Any CPU
		{EC6C392E-1BA4-474D-82C2-3F3BB63E4084}.Release|Any CPU.Build.0 = Release|Any CPU
		{EC6C392E-1BA4-474D-82C2-3F3BB63E4084}.Release|x64.ActiveCfg = Release|x64
		{EC6C392E-1BA4-474D-82C2-3F3BB63E4084}.Release|x64.Build.0 = Release|x64
	EndGlobalSection
	GlobalSection(SolutionProperties) = preSolution
		HideSolutionNode = FALSE
	EndGlobalSection
EndGlobal
